
Microsoft Visual Studio Solution File, Format Version 12.00
# Visual Studio 15
Project("{FAE04EC0-301F-11D3-BF4B-00C04F79EFBC}") = "XFSurfaceDuoSample2020", "XFSurfaceDuoSample2020\XFSurfaceDuoSample2020.csproj", "{3B355033-655D-44D4-9982-688550D50289}"
EndProject
Project("{FAE04EC0-301F-11D3-BF4B-00C04F79EFBC}") = "XFSurfaceDuoSample2020.Android", "XFSurfaceDuoSample2020.Android\XFSurfaceDuoSample2020.Android.csproj", "{F7895D72-F3E1-4904-9507-6377E2F17608}"
EndProject
Global
	GlobalSection(SolutionConfigurationPlatforms) = preSolution
		Debug|Any CPU = Debug|Any CPU
		Release|Any CPU = Release|Any CPU
	EndGlobalSection
	GlobalSection(ProjectConfigurationPlatforms) = postSolution
		{3B355033-655D-44D4-9982-688550D50289}.Debug|Any CPU.ActiveCfg = Debug|Any CPU
		{3B355033-655D-44D4-9982-688550D50289}.Debug|Any CPU.Build.0 = Debug|Any CPU
		{3B355033-655D-44D4-9982-688550D50289}.Release|Any CPU.ActiveCfg = Release|Any CPU
		{3B355033-655D-44D4-9982-688550D50289}.Release|Any CPU.Build.0 = Release|Any CPU
		{F7895D72-F3E1-4904-9507-6377E2F17608}.Debug|Any CPU.ActiveCfg = Debug|Any CPU
		{F7895D72-F3E1-4904-9507-6377E2F17608}.Debug|Any CPU.Build.0 = Debug|Any CPU
		{F7895D72-F3E1-4904-9507-6377E2F17608}.Release|Any CPU.ActiveCfg = Release|Any CPU
		{F7895D72-F3E1-4904-9507-6377E2F17608}.Release|Any CPU.Build.0 = Release|Any CPU
	EndGlobalSection
EndGlobal
